# This file is automatically @generated by Cargo.
# It is not intended for manual editing.
version = 4

[[package]]
name = "ra_api"
version = "0.1.0"
dependencies = [
 "ra_core",
]

[[package]]
name = "ra_core"
version = "0.1.0"

[[package]]
name = "ra_sandbox"
version = "0.1.0"
dependencies = [
 "ra_api",
]
